
Microsoft Visual Studio Solution File, Format Version 12.00
# Visual Studio Version 17
VisualStudioVersion = 17.14.36518.9 d17.14
MinimumVisualStudioVersion = 10.0.40219.1
Project("{FAE04EC0-301F-11D3-BF4B-00C04F79EFBC}") = "Web_Datenbank1_LK", "Web_Datenbank1_LK.csproj", "{7F9806CA-5CF2-46CF-A47C-85AA74B0B090}"
EndProject
Global
	GlobalSection(SolutionConfigurationPlatforms) = preSolution
		Debug|Any CPU = Debug|Any CPU
		Release|Any CPU = Release|Any CPU
	EndGlobalSection
	GlobalSection(ProjectConfigurationPlatforms) = postSolution
		{7F9806CA-5CF2-46CF-A47C-85AA74B0B090}.Debug|Any CPU.ActiveCfg = Debug|Any CPU
		{7F9806CA-5CF2-46CF-A47C-85AA74B0B090}.Debug|Any CPU.Build.0 = Debug|Any CPU
		{7F9806CA-5CF2-46CF-A47C-85AA74B0B090}.Release|Any CPU.ActiveCfg = Release|Any CPU
		{7F9806CA-5CF2-46CF-A47C-85AA74B0B090}.Release|Any CPU.Build.0 = Release|Any CPU
	EndGlobalSection
	GlobalSection(SolutionProperties) = preSolution
		HideSolutionNode = FALSE
	EndGlobalSection
	GlobalSection(ExtensibilityGlobals) = postSolution
		SolutionGuid = {CE8DB8C9-04B8-469C-BEBE-E7C8CDB5AE64}
	EndGlobalSection
EndGlobal
